// !$*UTF8*$!
{
	archiveVersion = 1;
	classes = {
	};
	objectVersion = 46;
	objects = {

/* Begin PBXBuildFile section */
		2B5010771BB9B7FF00B42ABF /* AppDelegate.swift in Sources */ = {isa = PBXBuildFile; fileRef = 2B5010761BB9B7FF00B42ABF /* AppDelegate.swift */; };
		2B5010791BB9B7FF00B42ABF /* ViewController.swift in Sources */ = {isa = PBXBuildFile; fileRef = 2B5010781BB9B7FF00B42ABF /* ViewController.swift */; };
		2B50107C1BB9B7FF00B42ABF /* Main.storyboard in Resources */ = {isa = PBXBuildFile; fileRef = 2B50107A1BB9B7FF00B42ABF /* Main.storyboard */; };
		2B50107E1BB9B7FF00B42ABF /* Assets.xcassets in Resources */ = {isa = PBXBuildFile; fileRef = 2B50107D1BB9B7FF00B42ABF /* Assets.xcassets */; };
		2B5010811BB9B7FF00B42ABF /* LaunchScreen.storyboard in Resources */ = {isa = PBXBuildFile; fileRef = 2B50107F1BB9B7FF00B42ABF /* LaunchScreen.storyboard */; };
/* End PBXBuildFile section */

/* Begin PBXFileReference section */
		2B5010731BB9B7FF00B42ABF /* GitHubGoonies.app */ = {isa = PBXFileReference; explicitFileType = wrapper.application; includeInIndex = 0; path = GitHubGoonies.app; sourceTree = BUILT_PRODUCTS_DIR; };
		2B5010761BB9B7FF00B42ABF /* AppDelegate.swift */ = {isa = PBXFileReference; lastKnownFileType = sourcecode.swift; path = AppDelegate.swift; sourceTree = "<group>"; };
		2B5010781BB9B7FF00B42ABF /* ViewController.swift */ = {isa = PBXFileReference; lastKnownFileType = sourcecode.swift; path = ViewController.swift; sourceTree = "<group>"; };
		2B50107B1BB9B7FF00B42ABF /* Base */ = {isa = PBXFileReference; lastKnownFileType = file.storyboard; name = Base; path = Base.lproj/Main.storyboard; sourceTree = "<group>"; };
		2B50107D1BB9B7FF00B42ABF /* Assets.xcassets */ = {isa = PBXFileReference; lastKnownFileType = folder.assetcatalog; path = Assets.xcassets; sourceTree = "<group>"; };
		2B5010801BB9B7FF00B42ABF /* Base */ = {isa = PBXFileReference; lastKnownFileType = file.storyboard; name = Base; path = Base.lproj/LaunchScreen.storyboard; sourceTree = "<group>"; };
		2B5010821BB9B7FF00B42ABF /* Info.plist */ = {isa = PBXFileReference; lastKnownFileType = text.plist.xml; path = Info.plist; sourceTree = "<group>"; };
/* End PBXFileReference section */

/* Begin PBXFrameworksBuildPhase section */
		2B5010701BB9B7FF00B42ABF /* Frameworks */ = {
			isa = PBXFrameworksBuildPhase;
			buildActionMask = 2147483647;
			files = (
			);
			runOnlyForDeploymentPostprocessing = 0;
		};
/* End PBXFrameworksBuildPhase section */

/* Begin PBXGroup section */
		2B50106A1BB9B7FF00B42ABF = {
			isa = PBXGroup;
			children = (
				2B5010751BB9B7FF00B42ABF /* GitHubGoonies */,
				2B5010741BB9B7FF00B42ABF /* Products */,
			);
			sourceTree = "<group>";
		};
		2B5010741BB9B7FF00B42ABF /* Products */ = {
			isa = PBXGroup;
			children = (
				2B5010731BB9B7FF00B42ABF /* GitHubGoonies.app */,
			);
			name = Products;
			sourceTree = "<group>";
		};
		2B5010751BB9B7FF00B42ABF /* GitHubGoonies */ = {
			isa = PBXGroup;
			children = (
				2B5010761BB9B7FF00B42ABF /* AppDelegate.swift */,
				2B5010781BB9B7FF00B42ABF /* ViewController.swift */,
				2B50107A1BB9B7FF00B42ABF /* Main.storyboard */,
				2B50107D1BB9B7FF00B42ABF /* Assets.xcassets */,
				2B50107F1BB9B7FF00B42ABF /* LaunchScreen.storyboard */,
				2B5010821BB9B7FF00B42ABF /* Info.plist */,
			);
			path = GitHubGoonies;
			sourceTree = "<group>";
		};
/* End PBXGroup section */

/* Begin PBXNativeTarget section */
		2B5010721BB9B7FF00B42ABF /* GitHubGoonies */ = {
			isa = PBXNativeTarget;
			buildConfigurationList = 2B5010851BB9B7FF00B42ABF /* Build configuration list for PBXNativeTarget "GitHubGoonies" */;
			buildPhases = (
				2B50106F1BB9B7FF00B42ABF /* Sources */,
				2B5010701BB9B7FF00B42ABF /* Frameworks */,
				2B5010711BB9B7FF00B42ABF /* Resources */,
			);
			buildRules = (
			);
			dependencies = (
			);
			name = GitHubGoonies;
			productName = GitHubGoonies;
			productReference = 2B5010731BB9B7FF00B42ABF /* GitHubGoonies.app */;
			productType = "com.apple.product-type.application";
		};
/* End PBXNativeTarget section */

/* Begin PBXProject section */
		2B50106B1BB9B7FF00B42ABF /* Project object */ = {
			isa = PBXProject;
			attributes = {
				LastUpgradeCheck = 0700;
				ORGANIZATIONNAME = "Joe E.";
				TargetAttributes = {
					2B5010721BB9B7FF00B42ABF = {
						CreatedOnToolsVersion = 7.0;
					};
				};
			};
			buildConfigurationList = 2B50106E1BB9B7FF00B42ABF /* Build configuration list for PBXProject "GitHubGoonies" */;
			compatibilityVersion = "Xcode 3.2";
			developmentRegion = English;
			hasScannedForEncodings = 0;
			knownRegions = (
				en,
				Base,
			);
			mainGroup = 2B50106A1BB9B7FF00B42ABF;
			productRefGroup = 2B5010741BB9B7FF00B42ABF /* Products */;
			projectDirPath = "";
			projectRoot = "";
			targets = (
				2B5010721BB9B7FF00B42ABF /* GitHubGoonies */,
			);
		};
/* End PBXProject section */

/* Begin PBXResourcesBuildPhase section */
		2B5010711BB9B7FF00B42ABF /* Resources */ = {
			isa = PBXResourcesBuildPhase;
			buildActionMask = 2147483647;
			files = (
				2B5010811BB9B7FF00B42ABF /* LaunchScreen.storyboard in Resources */,
				2B50107E1BB9B7FF00B42ABF /* Assets.xcassets in Resources */,
				2B50107C1BB9B7FF00B42ABF /* Main.storyboard in Resources */,
			);
			runOnlyForDeploymentPostprocessing = 0;
		};
/* End PBXResourcesBuildPhase section */

/* Begin PBXSourcesBuildPhase section */
		2B50106F1BB9B7FF00B42ABF /* Sources */ = {
			isa = PBXSourcesBuildPhase;
			buildActionMask = 2147483647;
			files = (
				2B5010791BB9B7FF00B42ABF /* ViewController.swift in Sources */,
				2B5010771BB9B7FF00B42ABF /* AppDelegate.swift in Sources */,
			);
			runOnlyForDeploymentPostprocessing = 0;
		};
/* End PBXSourcesBuildPhase section */

/* Begin PBXVariantGroup section */
		2B50107A1BB9B7FF00B42ABF /* Main.storyboard */ = {
			isa = PBXVariantGroup;
			children = (
				2B50107B1BB9B7FF00B42ABF /* Base */,
			);
			name = Main.storyboard;
			sourceTree = "<group>";
		};
		2B50107F1BB9B7FF00B42ABF /* LaunchScreen.storyboard */ = {
			isa = PBXVariantGroup;
			children = (
				2B5010801BB9B7FF00B42ABF /* Base */,
			);
			name = LaunchScreen.storyboard;
			sourceTree = "<group>";
		};
/* End PBXVariantGroup section */

/* Begin XCBuildConfiguration section */
		2B5010831BB9B7FF00B42ABF /* Debug */ = {
			isa = XCBuildConfiguration;
			buildSettings = {
				ALWAYS_SEARCH_USER_PATHS = NO;
				CLANG_CXX_LANGUAGE_STANDARD = "gnu++0x";
				CLANG_CXX_LIBRARY = "libc++";
				CLANG_ENABLE_MODULES = YES;
				CLANG_ENABLE_OBJC_ARC = YES;
				CLANG_WARN_BOOL_CONVERSION = YES;
				CLANG_WARN_CONSTANT_CONVERSION = YES;
				CLANG_WARN_DIRECT_OBJC_ISA_USAGE = YES_ERROR;
				CLANG_WARN_EMPTY_BODY = YES;
				CLANG_WARN_ENUM_CONVERSION = YES;
				CLANG_WARN_INT_CONVERSION = YES;
				CLANG_WARN_OBJC_ROOT_CLASS = YES_ERROR;
				CLANG_WARN_UNREACHABLE_CODE = YES;
				CLANG_WARN__DUPLICATE_METHOD_MATCH = YES;
				"CODE_SIGN_IDENTITY[sdk=iphoneos*]" = "iPhone Developer";
				COPY_PHASE_STRIP = NO;
				DEBUG_INFORMATION_FORMAT = dwarf;
				ENABLE_STRICT_OBJC_MSGSEND = YES;
				ENABLE_TESTABILITY = YES;
				GCC_C_LANGUAGE_STANDARD = gnu99;
				GCC_DYNAMIC_NO_PIC = NO;
				GCC_NO_COMMON_BLOCKS = YES;
				GCC_OPTIMIZATION_LEVEL = 0;
				GCC_PREPROCESSOR_DEFINITIONS = (
					"DEBUG=1",
					"$(inherited)",
				);
				GCC_WARN_64_TO_32_BIT_CONVERSION = YES;
				GCC_WARN_ABOUT_RETURN_TYPE = YES_ERROR;
				GCC_WARN_UNDECLARED_SELECTOR = YES;
				GCC_WARN_UNINITIALIZED_AUTOS = YES_AGGRESSIVE;
				GCC_WARN_UNUSED_FUNCTION = YES;
				GCC_WARN_UNUSED_VARIABLE = YES;
				IPHONEOS_DEPLOYMENT_TARGET = 9.0;
				MTL_ENABLE_DEBUG_INFO = YES;
				ONLY_ACTIVE_ARCH = YES;
				SDKROOT = iphoneos;
				SWIFT_OPTIMIZATION_LEVEL = "-Onone";
			};
			name = Debug;
		};
		2B5010841BB9B7FF00B42ABF /* Release */ = {
			isa = XCBuildConfiguration;
			buildSettings = {
				ALWAYS_SEARCH_USER_PATHS = NO;
				CLANG_CXX_LANGUAGE_STANDARD = "gnu++0x";
				CLANG_CXX_LIBRARY = "libc++";
				CLANG_ENABLE_MODULES = YES;
				CLANG_ENABLE_OBJC_ARC = YES;
				CLANG_WARN_BOOL_CONVERSION = YES;
				CLANG_WARN_CONSTANT_CONVERSION = YES;
				CLANG_WARN_DIRECT_OBJC_ISA_USAGE = YES_ERROR;
				CLANG_WARN_EMPTY_BODY = YES;
				CLANG_WARN_ENUM_CONVERSION = YES;
				CLANG_WARN_INT_CONVERSION = YES;
				CLANG_WARN_OBJC_ROOT_CLASS = YES_ERROR;
				CLANG_WARN_UNREACHABLE_CODE = YES;
				CLANG_WARN__DUPLICATE_METHOD_MATCH = YES;
				"CODE_SIGN_IDENTITY[sdk=iphoneos*]" = "iPhone Developer";
				COPY_PHASE_STRIP = NO;
				DEBUG_INFORMATION_FORMAT = "dwarf-with-dsym";
				ENABLE_NS_ASSERTIONS = NO;
				ENABLE_STRICT_OBJC_MSGSEND = YES;
				GCC_C_LANGUAGE_STANDARD = gnu99;
				GCC_NO_COMMON_BLOCKS = YES;
				GCC_WARN_64_TO_32_BIT_CONVERSION = YES;
				GCC_WARN_ABOUT_RETURN_TYPE = YES_ERROR;
				GCC_WARN_UNDECLARED_SELECTOR = YES;
				GCC_WARN_UNINITIALIZED_AUTOS = YES_AGGRESSIVE;
				GCC_WARN_UNUSED_FUNCTION = YES;
				GCC_WARN_UNUSED_VARIABLE = YES;
				IPHONEOS_DEPLOYMENT_TARGET = 9.0;
				MTL_ENABLE_DEBUG_INFO = NO;
				SDKROOT = iphoneos;
				VALIDATE_PRODUCT = YES;
			};
			name = Release;
		};
		2B5010861BB9B7FF00B42ABF /* Debug */ = {
			isa = XCBuildConfiguration;
			buildSettings = {
				ASSETCATALOG_COMPILER_APPICON_NAME = AppIcon;
				INFOPLIST_FILE = GitHubGoonies/Info.plist;
				LD_RUNPATH_SEARCH_PATHS = "$(inherited) @executable_path/Frameworks";
				PRODUCT_BUNDLE_IDENTIFIER = com.Montchat.GitHubGoonies;
				PRODUCT_NAME = "$(TARGET_NAME)";
			};
			name = Debug;
		};
		2B5010871BB9B7FF00B42ABF /* Release */ = {
			isa = XCBuildConfiguration;
			buildSettings = {
				ASSETCATALOG_COMPILER_APPICON_NAME = AppIcon;
				INFOPLIST_FILE = GitHubGoonies/Info.plist;
				LD_RUNPATH_SEARCH_PATHS = "$(inherited) @executable_path/Frameworks";
				PRODUCT_BUNDLE_IDENTIFIER = com.Montchat.GitHubGoonies;
				PRODUCT_NAME = "$(TARGET_NAME)";
			};
			name = Release;
		};
/* End XCBuildConfiguration section */

/* Begin XCConfigurationList section */
		2B50106E1BB9B7FF00B42ABF /* Build configuration list for PBXProject "GitHubGoonies" */ = {
			isa = XCConfigurationList;
			buildConfigurations = (
				2B5010831BB9B7FF00B42ABF /* Debug */,
				2B5010841BB9B7FF00B42ABF /* Release */,
			);
			defaultConfigurationIsVisible = 0;
			defaultConfigurationName = Release;
		};
		2B5010851BB9B7FF00B42ABF /* Build configuration list for PBXNativeTarget "GitHubGoonies" */ = {
			isa = XCConfigurationList;
			buildConfigurations = (
				2B5010861BB9B7FF00B42ABF /* Debug */,
				2B5010871BB9B7FF00B42ABF /* Release */,
			);
			defaultConfigurationIsVisible = 0;
		};
/* End XCConfigurationList section */
	};
	rootObject = 2B50106B1BB9B7FF00B42ABF /* Project object */;
}
